
Microsoft Visual Studio Solution File, Format Version 12.00
# Visual Studio 15
VisualStudioVersion = 15.0.28307.572
MinimumVisualStudioVersion = 10.0.40219.1
Project("{FAE04EC0-301F-11D3-BF4B-00C04F79EFBC}") = "ParkingAllotment", "ParkingAllotment\ParkingAllotment.csproj", "{E0365A43-C74F-4092-80F7-EF85F95E26D1}"
EndProject
Global
	GlobalSection(SolutionConfigurationPlatforms) = preSolution
		Debug|Any CPU = Debug|Any CPU
		Release|Any CPU = Release|Any CPU
	EndGlobalSection
	GlobalSection(ProjectConfigurationPlatforms) = postSolution
		{E0365A43-C74F-4092-80F7-EF85F95E26D1}.Debug|Any CPU.ActiveCfg = Debug|Any CPU
		{E0365A43-C74F-4092-80F7-EF85F95E26D1}.Debug|Any CPU.Build.0 = Debug|Any CPU
		{E0365A43-C74F-4092-80F7-EF85F95E26D1}.Release|Any CPU.ActiveCfg = Release|Any CPU
		{E0365A43-C74F-4092-80F7-EF85F95E26D1}.Release|Any CPU.Build.0 = Release|Any CPU
	EndGlobalSection
	GlobalSection(SolutionProperties) = preSolution
		HideSolutionNode = FALSE
	EndGlobalSection
	GlobalSection(ExtensibilityGlobals) = postSolution
		SolutionGuid = {663187C4-B8EB-44D0-8E5F-99AE97014B36}
	EndGlobalSection
EndGlobal
